
Microsoft Visual Studio Solution File, Format Version 12.00
# Visual Studio 15
VisualStudioVersion = 15.0.28307.421
MinimumVisualStudioVersion = 10.0.40219.1
Project("{FAE04EC0-301F-11D3-BF4B-00C04F79EFBC}") = "SnackBarModel", "SnackBarModel\SnackBarModel.csproj", "{760412DB-EC85-4CD2-8516-CF50D2A095A6}"
EndProject
Project("{FAE04EC0-301F-11D3-BF4B-00C04F79EFBC}") = "SnackBarServiceDAL", "SnackBarServiceDAL\SnackBarServiceDAL.csproj", "{3AFA65D9-F22C-4BCB-9A94-12BA7B423BCA}"
EndProject
Project("{FAE04EC0-301F-11D3-BF4B-00C04F79EFBC}") = "SnackBarServiceImplementList", "SnackBarServiceImplementList\SnackBarServiceImplementList.csproj", "{B586597B-CAEA-48DD-8578-E07915C2F159}"
EndProject
Project("{FAE04EC0-301F-11D3-BF4B-00C04F79EFBC}") = "SnackBarView", "SnackBarView\SnackBarView.csproj", "{3408BB17-36AB-4B5A-9A07-9370BFCB2F97}"
EndProject
Project("{FAE04EC0-301F-11D3-BF4B-00C04F79EFBC}") = "SnackBarServiceImplementDataBase", "SnackBarServiceImplementDataBase\SnackBarServiceImplementDataBase.csproj", "{FB0864E8-EF12-4CE7-8B18-F4C15CE86C4C}"
EndProject
Project("{FAE04EC0-301F-11D3-BF4B-00C04F79EFBC}") = "SnackBarRestApi", "SnackBarRestApi\SnackBarRestApi.csproj", "{48DB1D63-9267-44EA-BADA-FC191F3FA730}"
EndProject
Global
	GlobalSection(SolutionConfigurationPlatforms) = preSolution
		Debug|Any CPU = Debug|Any CPU
		Release|Any CPU = Release|Any CPU
	EndGlobalSection
	GlobalSection(ProjectConfigurationPlatforms) = postSolution
		{760412DB-EC85-4CD2-8516-CF50D2A095A6}.Debug|Any CPU.ActiveCfg = Debug|Any CPU
		{760412DB-EC85-4CD2-8516-CF50D2A095A6}.Debug|Any CPU.Build.0 = Debug|Any CPU
		{760412DB-EC85-4CD2-8516-CF50D2A095A6}.Release|Any CPU.ActiveCfg = Release|Any CPU
		{760412DB-EC85-4CD2-8516-CF50D2A095A6}.Release|Any CPU.Build.0 = Release|Any CPU
		{3AFA65D9-F22C-4BCB-9A94-12BA7B423BCA}.Debug|Any CPU.ActiveCfg = Debug|Any CPU
		{3AFA65D9-F22C-4BCB-9A94-12BA7B423BCA}.Debug|Any CPU.Build.0 = Debug|Any CPU
		{3AFA65D9-F22C-4BCB-9A94-12BA7B423BCA}.Release|Any CPU.ActiveCfg = Release|Any CPU
		{3AFA65D9-F22C-4BCB-9A94-12BA7B423BCA}.Release|Any CPU.Build.0 = Release|Any CPU
		{B586597B-CAEA-48DD-8578-E07915C2F159}.Debug|Any CPU.ActiveCfg = Debug|Any CPU
		{B586597B-CAEA-48DD-8578-E07915C2F159}.Debug|Any CPU.Build.0 = Debug|Any CPU
		{B586597B-CAEA-48DD-8578-E07915C2F159}.Release|Any CPU.ActiveCfg = Release|Any CPU
		{B586597B-CAEA-48DD-8578-E07915C2F159}.Release|Any CPU.Build.0 = Release|Any CPU
		{3408BB17-36AB-4B5A-9A07-9370BFCB2F97}.Debug|Any CPU.ActiveCfg = Debug|Any CPU
		{3408BB17-36AB-4B5A-9A07-9370BFCB2F97}.Debug|Any CPU.Build.0 = Debug|Any CPU
		{3408BB17-36AB-4B5A-9A07-9370BFCB2F97}.Release|Any CPU.ActiveCfg = Release|Any CPU
		{3408BB17-36AB-4B5A-9A07-9370BFCB2F97}.Release|Any CPU.Build.0 = Release|Any CPU
		{FB0864E8-EF12-4CE7-8B18-F4C15CE86C4C}.Debug|Any CPU.ActiveCfg = Debug|Any CPU
		{FB0864E8-EF12-4CE7-8B18-F4C15CE86C4C}.Debug|Any CPU.Build.0 = Debug|Any CPU
		{FB0864E8-EF12-4CE7-8B18-F4C15CE86C4C}.Release|Any CPU.ActiveCfg = Release|Any CPU
		{FB0864E8-EF12-4CE7-8B18-F4C15CE86C4C}.Release|Any CPU.Build.0 = Release|Any CPU
		{48DB1D63-9267-44EA-BADA-FC191F3FA730}.Debug|Any CPU.ActiveCfg = Debug|Any CPU
		{48DB1D63-9267-44EA-BADA-FC191F3FA730}.Debug|Any CPU.Build.0 = Debug|Any CPU
		{48DB1D63-9267-44EA-BADA-FC191F3FA730}.Release|Any CPU.ActiveCfg = Release|Any CPU
		{48DB1D63-9267-44EA-BADA-FC191F3FA730}.Release|Any CPU.Build.0 = Release|Any CPU
	EndGlobalSection
	GlobalSection(SolutionProperties) = preSolution
		HideSolutionNode = FALSE
	EndGlobalSection
	GlobalSection(ExtensibilityGlobals) = postSolution
		SolutionGuid = {E8BF94F1-7817-4B39-8FA0-4807EE01B609}
	EndGlobalSection
EndGlobal
